
Microsoft Visual Studio Solution File, Format Version 12.00
# Visual Studio Version 17
VisualStudioVersion = 17.5.002.0
MinimumVisualStudioVersion = 10.0.40219.1
Project("{9A19103F-16F7-4668-BE54-9A1E7A4F7556}") = "C#-library", "C#-library.csproj", "{FE360CD1-03DD-4D8E-8CA5-59211B6C4690}"
EndProject
Global
	GlobalSection(SolutionConfigurationPlatforms) = preSolution
		Debug|Any CPU = Debug|Any CPU
		Release|Any CPU = Release|Any CPU
	EndGlobalSection
	GlobalSection(ProjectConfigurationPlatforms) = postSolution
		{FE360CD1-03DD-4D8E-8CA5-59211B6C4690}.Debug|Any CPU.ActiveCfg = Debug|Any CPU
		{FE360CD1-03DD-4D8E-8CA5-59211B6C4690}.Debug|Any CPU.Build.0 = Debug|Any CPU
		{FE360CD1-03DD-4D8E-8CA5-59211B6C4690}.Release|Any CPU.ActiveCfg = Release|Any CPU
		{FE360CD1-03DD-4D8E-8CA5-59211B6C4690}.Release|Any CPU.Build.0 = Release|Any CPU
	EndGlobalSection
	GlobalSection(SolutionProperties) = preSolution
		HideSolutionNode = FALSE
	EndGlobalSection
	GlobalSection(ExtensibilityGlobals) = postSolution
		SolutionGuid = {D3AF9CF4-9BE6-4A59-B7EF-66E3C84958A1}
	EndGlobalSection
EndGlobal
